
Microsoft Visual Studio Solution File, Format Version 12.00
# Visual Studio 15
VisualStudioVersion = 15.0.26430.16
MinimumVisualStudioVersion = 10.0.40219.1
Project("{9A19103F-16F7-4668-BE54-9A1E7A4F7556}") = "Unsplasharp", "src\unsplasharp\Unsplasharp.csproj", "{F6C40D2F-B55E-4169-818C-3843D27E4072}"
EndProject
Project("{FAE04EC0-301F-11D3-BF4B-00C04F79EFBC}") = "UnsplashsharpTests", "src\UnsplashsharpTest\UnsplashsharpTests.csproj", "{9A963C1B-2AE3-4ECD-9AF9-BCEC832CBE5A}"
EndProject
Global
	GlobalSection(SolutionConfigurationPlatforms) = preSolution
		Debug|Any CPU = Debug|Any CPU
		Release|Any CPU = Release|Any CPU
	EndGlobalSection
	GlobalSection(ProjectConfigurationPlatforms) = postSolution
		{F6C40D2F-B55E-4169-818C-3843D27E4072}.Debug|Any CPU.ActiveCfg = Debug|Any CPU
		{F6C40D2F-B55E-4169-818C-3843D27E4072}.Debug|Any CPU.Build.0 = Debug|Any CPU
		{F6C40D2F-B55E-4169-818C-3843D27E4072}.Release|Any CPU.ActiveCfg = Release|Any CPU
		{F6C40D2F-B55E-4169-818C-3843D27E4072}.Release|Any CPU.Build.0 = Release|Any CPU
		{9A963C1B-2AE3-4ECD-9AF9-BCEC832CBE5A}.Debug|Any CPU.ActiveCfg = Debug|Any CPU
		{9A963C1B-2AE3-4ECD-9AF9-BCEC832CBE5A}.Debug|Any CPU.Build.0 = Debug|Any CPU
		{9A963C1B-2AE3-4ECD-9AF9-BCEC832CBE5A}.Release|Any CPU.ActiveCfg = Release|Any CPU
		{9A963C1B-2AE3-4ECD-9AF9-BCEC832CBE5A}.Release|Any CPU.Build.0 = Release|Any CPU
	EndGlobalSection
	GlobalSection(SolutionProperties) = preSolution
		HideSolutionNode = FALSE
	EndGlobalSection
EndGlobal
